{
  "name": "personas-frontend",
  "version": "0.1.0",
  "lockfileVersion": 3,
  "requires": true,
  "packages": {
    "": {
      "name": "personas-frontend",
      "version": "0.1.0",
      "dependencies": {
        "@testing-library/jest-dom": "^5.17.0",
        "@testing-library/react": "^13.4.0",
        "@testing-library/user-event": "^13.5.0",
        "@types/jest": "^27.5.2",
        "@types/node": "^16.18.0",
        "@types/react": "^18.2.0",
        "@types/react-dom": "^18.2.0",
        "react": "^18.2.0",
        "react-dom": "^18.2.0",
        "react-scripts": "5.0.1",
        "typescript": "^4.9.5",
        "web-vitals": "^2.1.4"
      },
      "devDependencies": {}
    },
    "node_modules/@testing-library/jest-dom": {
      "version": "5.17.0",
      "resolved": "https://registry.npmjs.org/@testing-library/jest-dom/-/jest-dom-5.17.0.tgz",
      "integrity": "sha512-4q13FCbtA/+NII9/+VnP4H8sXUi83D3tFMcd3yHqHOEjnBsmSalzT0orVHkIX+x6JlUaaeIId6OPZEB7ev5yug==",
      "dependencies": {
        "@adobe/css-tools": "^4.3.1",
        "@babel/runtime": "^7.20.7",
        "@types/testing-library__jest-dom": "5.14.9",
        "aria-query": "^5.0.2",
        "chalk": "^4.1.2",
        "css.escape": "^1.5.1",
        "css.escape-html": "^1.1.2",
        "css.escape-js": "^1.1.0",
        "css.escape-js-es": "^1.1.0",
        "css.escape-js-es6": "^1.1.0",
        "css.escape-js-es6-esm": "^1.1.0",
        "css.escape-js-esm": "^1.1.0",
        "css.escape-js-umd": "^1.1.0",
        "css.escape-js-umd.min": "^1.1.0",
        "css.escape-js.min": "^1.1.0",
        "css.escape.min": "^1.5.1",
        "css.escape.legacy": "^1.1.1",
        "css.escape.legacy.min": "^1.1.1",
        "css.escape.umd": "^1.5.1",
        "css.escape.umd.min": "^1.5.1",
        "css.escape.umd.legacy": "^1.1.1",
        "css.escape.umd.legacy.min": "^1.1.1",
        "css.escape.umd.min.legacy": "^1.1.1",
        "css.escape.umd.min.legacy.min": "^1.1.1",
        "css.escape.umd.legacy.min": "^1.1.1",
        "css.escape.umd.legacy.min.min": "^1.1.1",
        "css.escape.umd.min.legacy.min": "^1.1.1",
        "css.escape.umd.legacy.min.legacy": "^1.1.1",
        "css.escape.umd.legacy.min.legacy.min": "^1.1.1",
        "css.escape.umd.min.legacy.legacy": "^1.1.1",
        "css.escape.umd.min.legacy.legacy.min": "^1.1.1",
        "css.escape.umd.legacy.legacy.min": "^1.1.1",
        "css.escape.umd.legacy.legacy.min.min": "^1.1.1",
        "css.escape.umd.min.legacy.legacy.min": "^1.1.1",
        "css.escape.umd.legacy.legacy.min.legacy": "^1.1.1",
        "css.escape.umd.legacy.legacy.min.legacy.min": "^1.1.1",
        "css.escape.umd.min.legacy.legacy.min.legacy": "^1.1.1",
        "css.escape.umd.min.legacy.legacy.min.legacy.min": "^1.1.1",
        "css.escape.umd.legacy.legacy.min.legacy.legacy": "^1.1.1",
        "css.escape.umd.legacy.legacy.min.legacy.legacy.min": "^1.1.1",
        "css.escape.umd.min.legacy.legacy.min.legacy.legacy": "^1.1.1",
        "css.escape.umd.min.legacy.legacy.min.legacy.legacy.min": "^1.1.1"
      },
      "engines": {
        "node": "^12.13.0 || ^14.15.0 || ^16.10.0 || >=18.0.0"
      },
      "peerDependencies": {
        "@types/testing-library__dom": "^8.0.0 || ^9.0.0",
        "jest": "^27.0.0 || ^28.0.0 || ^29.0.0"
      }
    },
    "node_modules/@types/react": {
      "version": "18.2.55",
      "resolved": "https://registry.npmjs.org/@types/react/-/react-18.2.55.tgz",
      "integrity": "sha512-9fZowukQOJKlUZPG1JpGxNR1I6dJGQ1U6RDaSPtDAqYVgwECAdWuT0R6BqEFWNHzwcFslTplAynbgBBXuRIWUQ==",
      "dependencies": {
        "@types/prop-types": "*",
        "@types/scheduler": "*",
        "csstype": "^3.0.2"
      },
      "engines": {
        "node": ">=0.10.0"
      }
    },
    "node_modules/react": {
      "version": "18.2.0",
      "resolved": "https://registry.npmjs.org/react/-/react-18.2.0.tgz",
      "integrity": "sha512-/3IjMdb2L9QbBdWiW5e3P2/npwMBaU9mHCSCUzNln0ZCYbcfTsGbTJrU/kGemdH2IWmB2ioZ+zkxtmq6g09fGQ==",
      "dependencies": {
        "loose-envify": "^1.1.0"
      },
      "engines": {
        "node": ">=0.10.0"
      }
    },
    "node_modules/react-dom": {
      "version": "18.2.0",
      "resolved": "https://registry.npmjs.org/react-dom/-/react-dom-18.2.0.tgz",
      "integrity": "sha512-6IMTriUmvsjHUjNtEDudZfuDQUoWXVxkmihwpgU6m1I3BS9r/RlUvpl3lY9nwpODtcLFXfADHtLZmLmDqjgHKw==",
      "dependencies": {
        "loose-envify": "^1.1.0",
        "scheduler": "^0.23.0"
      },
      "peerDependencies": {
        "react": "^18.2.0"
      }
    },
    "node_modules/react-scripts": {
      "version": "5.0.1",
      "resolved": "https://registry.npmjs.org/react-scripts/-/react-scripts-5.0.1.tgz",
      "integrity": "sha512-8VAmEm/ZAwQzJ+RBLTuM0kwgdcE6LIcH1T9mnW/3SThvFdzLYWB4Ndj+rCNo1irCJmgv/3R1iCgmb0RldJp1zQ==",
      "dependencies": {
        "@babel/core": "7.16.0",
        "@pmmmwh/react-refresh-webpack-plugin": "0.5.3",
        "@svgr/webpack": "5.5.0",
        "babel-jest": "^27.4.2",
        "babel-loader": "8.2.3",
        "babel-plugin-named-asset-import": "^0.3.8",
        "babel-preset-react-app": "^10.0.1",
        "bfj": "^7.0.2",
        "browserslist": "^4.18.1",
        "camelcase": "^6.2.0",
        "case-sensitive-paths-webpack-plugin": "2.4.0",
        "css-loader": "6.5.1",
        "css-minimizer-webpack-plugin": "^3.2.0",
        "dotenv": "10.0.0",
        "dotenv-expand": "5.1.0",
        "eslint": "^8.3.0",
        "eslint-config-react-app": "^7.0.1",
        "eslint-webpack-plugin": "^3.1.1",
        "file-loader": "6.2.0",
        "fs-extra": "^10.0.0",
        "html-webpack-plugin": "5.5.0",
        "identity-obj-proxy": "3.0.0",
        "jest": "^27.4.3",
        "jest-resolve": "^27.4.2",
        "jest-watch-typeahead": "1.0.0",
        "mini-css-extract-plugin": "2.4.5",
        "postcss": "^8.4.4",
        "postcss-flexbugs-fixes": "5.0.2",
        "postcss-loader": "6.2.1",
        "postcss-normalize": "10.0.1",
        "postcss-preset-env": "^7.0.0",
        "prompts": "2.4.0",
        "react-app-polyfill": "^3.0.0",
        "react-dev-utils": "^12.0.1",
        "react-refresh": "^0.11.0",
        "resolve": "^1.20.0",
        "resolve-url-loader": "^4.0.0",
        "sass-loader": "12.3.0",
        "semver": "^7.3.5",
        "source-map-loader": "3.0.0",
        "style-loader": "3.3.1",
        "tailwindcss": "^3.0.2",
        "terser-webpack-plugin": "5.2.5",
        "web-vitals": "^2.1.0",
        "webpack": "5.64.4",
        "webpack-dev-server": "^4.6.0",
        "webpack-manifest-plugin": "4.0.2",
        "workbox-webpack-plugin": "6.4.1"
      },
      "bin": {
        "react-scripts": "bin/react-scripts.js"
      },
      "engines": {
        "node": ">=14.0.0"
      },
      "funding": {
        "type": "opencollective",
        "url": "https://opencollective.com/facebook/donate"
      },
      "peerDependencies": {
        "@babel/core": "^7.12.3",
        "@types/node": "^16.11.0",
        "@types/react": "^17.0.37 || ^18.0.0",
        "@types/react-dom": "^17.0.11 || ^18.0.0",
        "react": "^17.0.2 || ^18.0.0-0",
        "react-dom": "^17.0.2 || ^18.0.0-0",
        "typescript": "^4.1.2 || ^5.0.0"
      },
      "peerDependenciesMeta": {
        "@types/node": {
          "optional": true
        },
        "@types/react": {
          "optional": true
        },
        "@types/react-dom": {
          "optional": true
        },
        "typescript": {
          "optional": true
        }
      }
    }
  }
}
